
Microsoft Visual Studio Solution File, Format Version 12.00
# Visual Studio 14
VisualStudioVersion = 14.0.23107.0
MinimumVisualStudioVersion = 10.0.40219.1
Project("{2150E333-8FDC-42A3-9474-1A3956D46DE8}") = "Tests", "Tests", "{6119E95E-D28B-46C3-8EE2-B6B0B115EA35}"
EndProject
Project("{FAE04EC0-301F-11D3-BF4B-00C04F79EFBC}") = "AI.iOS.Tests", "AI.iOS.Tests\AI.iOS.Tests.csproj", "{6C575EB8-976B-47B1-8C2C-BD1C2675EF6E}"
EndProject
Project("{FAE04EC0-301F-11D3-BF4B-00C04F79EFBC}") = "AI.Android.Tests", "AI.Android.Tests\AI.Android.Tests.csproj", "{2759AF24-6234-41A4-8112-4A061BDC7E86}"
EndProject
Project("{8BB2217D-0F2D-49D1-97BC-3654ED321F3B}") = "AI.CoreCLR.Tests", "AI.CoreCLR.Tests\AI.CoreCLR.Tests.xproj", "{D0A82FA1-6476-49B8-BF86-11931A7F1E0D}"
EndProject
Project("{FAE04EC0-301F-11D3-BF4B-00C04F79EFBC}") = "AI.NetFX.Tests", "AI.NetFX.Tests\AI.NetFX.Tests.csproj", "{F54E74B1-72E2-4626-8CFF-872CCEB0EF5D}"
EndProject
Project("{2150E333-8FDC-42A3-9474-1A3956D46DE8}") = "Xamarin", "Xamarin", "{AA71C3B0-544F-47B5-BAA7-4C103A684E73}"
EndProject
Project("{2150E333-8FDC-42A3-9474-1A3956D46DE8}") = "Core", "Core", "{10AF2FEE-60CC-4653-9252-9BC086FCC91E}"
EndProject
Project("{2150E333-8FDC-42A3-9474-1A3956D46DE8}") = "CoreCLR", "CoreCLR", "{AB7FDA1D-91D8-45D8-94CA-18688CB15FA2}"
EndProject
Project("{2150E333-8FDC-42A3-9474-1A3956D46DE8}") = "NetFX", "NetFX", "{2818A954-2ADA-47CC-A1AC-633E688D28D6}"
EndProject
Project("{2150E333-8FDC-42A3-9474-1A3956D46DE8}") = "Platforms", "Platforms", "{F7613332-6247-4479-B2FF-FC4F95CF319A}"
EndProject
Project("{2150E333-8FDC-42A3-9474-1A3956D46DE8}") = "Droid", "Droid", "{E80EF32B-9F12-4543-9FE8-B53730266E18}"
EndProject
Project("{FAE04EC0-301F-11D3-BF4B-00C04F79EFBC}") = "Microsoft.ApplicationInsights.Droid.Bindings", "Microsoft.ApplicationInsights.Droid.Bindings\Microsoft.ApplicationInsights.Droid.Bindings.csproj", "{2597D403-21C1-4EA2-B412-FA4F62C984EF}"
EndProject
Project("{FAE04EC0-301F-11D3-BF4B-00C04F79EFBC}") = "Microsoft.ApplicationInsights.Droid", "Microsoft.ApplicationInsights.Droid\Microsoft.ApplicationInsights.Droid.csproj", "{8BAA547A-59D0-4D4E-90FF-ADE8DEAFDF1D}"
EndProject
Project("{FAE04EC0-301F-11D3-BF4B-00C04F79EFBC}") = "Microsoft.ApplicationInsights.iOS", "Microsoft.ApplicationInsights.iOS\Microsoft.ApplicationInsights.iOS.csproj", "{19BA38FA-F86A-4F45-B1C1-BF5C040ED242}"
EndProject
Project("{2150E333-8FDC-42A3-9474-1A3956D46DE8}") = "iOS", "iOS", "{545C210A-5E49-411B-AF63-1E4481D5AA0A}"
EndProject
Project("{FAE04EC0-301F-11D3-BF4B-00C04F79EFBC}") = "MIcrosoft.ApplicationInsights", "MIcrosoft.ApplicationInsights\MIcrosoft.ApplicationInsights.csproj", "{3065AF55-A2F4-4756-B743-F9CF2AF2EC21}"
EndProject
Global
	GlobalSection(SolutionConfigurationPlatforms) = preSolution
		Ad-Hoc|Any CPU = Ad-Hoc|Any CPU
		Ad-Hoc|iPhone = Ad-Hoc|iPhone
		Ad-Hoc|iPhoneSimulator = Ad-Hoc|iPhoneSimulator
		AppStore|Any CPU = AppStore|Any CPU
		AppStore|iPhone = AppStore|iPhone
		AppStore|iPhoneSimulator = AppStore|iPhoneSimulator
		Debug|Any CPU = Debug|Any CPU
		Debug|iPhone = Debug|iPhone
		Debug|iPhoneSimulator = Debug|iPhoneSimulator
		Release|Any CPU = Release|Any CPU
		Release|iPhone = Release|iPhone
		Release|iPhoneSimulator = Release|iPhoneSimulator
	EndGlobalSection
	GlobalSection(ProjectConfigurationPlatforms) = postSolution
		{6C575EB8-976B-47B1-8C2C-BD1C2675EF6E}.Ad-Hoc|Any CPU.ActiveCfg = Ad-Hoc|iPhone
		{6C575EB8-976B-47B1-8C2C-BD1C2675EF6E}.Ad-Hoc|iPhone.ActiveCfg = Ad-Hoc|iPhone
		{6C575EB8-976B-47B1-8C2C-BD1C2675EF6E}.Ad-Hoc|iPhone.Build.0 = Ad-Hoc|iPhone
		{6C575EB8-976B-47B1-8C2C-BD1C2675EF6E}.Ad-Hoc|iPhoneSimulator.ActiveCfg = Ad-Hoc|iPhoneSimulator
		{6C575EB8-976B-47B1-8C2C-BD1C2675EF6E}.Ad-Hoc|iPhoneSimulator.Build.0 = Ad-Hoc|iPhoneSimulator
		{6C575EB8-976B-47B1-8C2C-BD1C2675EF6E}.AppStore|Any CPU.ActiveCfg = AppStore|iPhone
		{6C575EB8-976B-47B1-8C2C-BD1C2675EF6E}.AppStore|iPhone.ActiveCfg = AppStore|iPhone
		{6C575EB8-976B-47B1-8C2C-BD1C2675EF6E}.AppStore|iPhone.Build.0 = AppStore|iPhone
		{6C575EB8-976B-47B1-8C2C-BD1C2675EF6E}.AppStore|iPhoneSimulator.ActiveCfg = AppStore|iPhoneSimulator
		{6C575EB8-976B-47B1-8C2C-BD1C2675EF6E}.AppStore|iPhoneSimulator.Build.0 = AppStore|iPhoneSimulator
		{6C575EB8-976B-47B1-8C2C-BD1C2675EF6E}.Debug|Any CPU.ActiveCfg = Debug|iPhone
		{6C575EB8-976B-47B1-8C2C-BD1C2675EF6E}.Debug|iPhone.ActiveCfg = Debug|iPhone
		{6C575EB8-976B-47B1-8C2C-BD1C2675EF6E}.Debug|iPhone.Build.0 = Debug|iPhone
		{6C575EB8-976B-47B1-8C2C-BD1C2675EF6E}.Debug|iPhoneSimulator.ActiveCfg = Debug|iPhoneSimulator
		{6C575EB8-976B-47B1-8C2C-BD1C2675EF6E}.Debug|iPhoneSimulator.Build.0 = Debug|iPhoneSimulator
		{6C575EB8-976B-47B1-8C2C-BD1C2675EF6E}.Release|Any CPU.ActiveCfg = Release|iPhone
		{6C575EB8-976B-47B1-8C2C-BD1C2675EF6E}.Release|iPhone.ActiveCfg = Release|iPhone
		{6C575EB8-976B-47B1-8C2C-BD1C2675EF6E}.Release|iPhone.Build.0 = Release|iPhone
		{6C575EB8-976B-47B1-8C2C-BD1C2675EF6E}.Release|iPhoneSimulator.ActiveCfg = Release|iPhoneSimulator
		{6C575EB8-976B-47B1-8C2C-BD1C2675EF6E}.Release|iPhoneSimulator.Build.0 = Release|iPhoneSimulator
		{2759AF24-6234-41A4-8112-4A061BDC7E86}.Ad-Hoc|Any CPU.ActiveCfg = Release|Any CPU
		{2759AF24-6234-41A4-8112-4A061BDC7E86}.Ad-Hoc|Any CPU.Build.0 = Release|Any CPU
		{2759AF24-6234-41A4-8112-4A061BDC7E86}.Ad-Hoc|Any CPU.Deploy.0 = Release|Any CPU
		{2759AF24-6234-41A4-8112-4A061BDC7E86}.Ad-Hoc|iPhone.ActiveCfg = Release|Any CPU
		{2759AF24-6234-41A4-8112-4A061BDC7E86}.Ad-Hoc|iPhone.Build.0 = Release|Any CPU
		{2759AF24-6234-41A4-8112-4A061BDC7E86}.Ad-Hoc|iPhone.Deploy.0 = Release|Any CPU
		{2759AF24-6234-41A4-8112-4A061BDC7E86}.Ad-Hoc|iPhoneSimulator.ActiveCfg = Release|Any CPU
		{2759AF24-6234-41A4-8112-4A061BDC7E86}.Ad-Hoc|iPhoneSimulator.Build.0 = Release|Any CPU
		{2759AF24-6234-41A4-8112-4A061BDC7E86}.Ad-Hoc|iPhoneSimulator.Deploy.0 = Release|Any CPU
		{2759AF24-6234-41A4-8112-4A061BDC7E86}.AppStore|Any CPU.ActiveCfg = Release|Any CPU
		{2759AF24-6234-41A4-8112-4A061BDC7E86}.AppStore|Any CPU.Build.0 = Release|Any CPU
		{2759AF24-6234-41A4-8112-4A061BDC7E86}.AppStore|Any CPU.Deploy.0 = Release|Any CPU
		{2759AF24-6234-41A4-8112-4A061BDC7E86}.AppStore|iPhone.ActiveCfg = Release|Any CPU
		{2759AF24-6234-41A4-8112-4A061BDC7E86}.AppStore|iPhone.Build.0 = Release|Any CPU
		{2759AF24-6234-41A4-8112-4A061BDC7E86}.AppStore|iPhone.Deploy.0 = Release|Any CPU
		{2759AF24-6234-41A4-8112-4A061BDC7E86}.AppStore|iPhoneSimulator.ActiveCfg = Release|Any CPU
		{2759AF24-6234-41A4-8112-4A061BDC7E86}.AppStore|iPhoneSimulator.Build.0 = Release|Any CPU
		{2759AF24-6234-41A4-8112-4A061BDC7E86}.AppStore|iPhoneSimulator.Deploy.0 = Release|Any CPU
		{2759AF24-6234-41A4-8112-4A061BDC7E86}.Debug|Any CPU.ActiveCfg = Debug|Any CPU
		{2759AF24-6234-41A4-8112-4A061BDC7E86}.Debug|Any CPU.Build.0 = Debug|Any CPU
		{2759AF24-6234-41A4-8112-4A061BDC7E86}.Debug|Any CPU.Deploy.0 = Debug|Any CPU
		{2759AF24-6234-41A4-8112-4A061BDC7E86}.Debug|iPhone.ActiveCfg = Debug|Any CPU
		{2759AF24-6234-41A4-8112-4A061BDC7E86}.Debug|iPhone.Build.0 = Debug|Any CPU
		{2759AF24-6234-41A4-8112-4A061BDC7E86}.Debug|iPhone.Deploy.0 = Debug|Any CPU
		{2759AF24-6234-41A4-8112-4A061BDC7E86}.Debug|iPhoneSimulator.ActiveCfg = Debug|Any CPU
		{2759AF24-6234-41A4-8112-4A061BDC7E86}.Debug|iPhoneSimulator.Build.0 = Debug|Any CPU
		{2759AF24-6234-41A4-8112-4A061BDC7E86}.Debug|iPhoneSimulator.Deploy.0 = Debug|Any CPU
		{2759AF24-6234-41A4-8112-4A061BDC7E86}.Release|Any CPU.ActiveCfg = Release|Any CPU
		{2759AF24-6234-41A4-8112-4A061BDC7E86}.Release|Any CPU.Build.0 = Release|Any CPU
		{2759AF24-6234-41A4-8112-4A061BDC7E86}.Release|Any CPU.Deploy.0 = Release|Any CPU
		{2759AF24-6234-41A4-8112-4A061BDC7E86}.Release|iPhone.ActiveCfg = Release|Any CPU
		{2759AF24-6234-41A4-8112-4A061BDC7E86}.Release|iPhone.Build.0 = Release|Any CPU
		{2759AF24-6234-41A4-8112-4A061BDC7E86}.Release|iPhone.Deploy.0 = Release|Any CPU
		{2759AF24-6234-41A4-8112-4A061BDC7E86}.Release|iPhoneSimulator.ActiveCfg = Release|Any CPU
		{2759AF24-6234-41A4-8112-4A061BDC7E86}.Release|iPhoneSimulator.Build.0 = Release|Any CPU
		{2759AF24-6234-41A4-8112-4A061BDC7E86}.Release|iPhoneSimulator.Deploy.0 = Release|Any CPU
		{D0A82FA1-6476-49B8-BF86-11931A7F1E0D}.Ad-Hoc|Any CPU.ActiveCfg = Debug|Any CPU
		{D0A82FA1-6476-49B8-BF86-11931A7F1E0D}.Ad-Hoc|Any CPU.Build.0 = Debug|Any CPU
		{D0A82FA1-6476-49B8-BF86-11931A7F1E0D}.Ad-Hoc|iPhone.ActiveCfg = Debug|Any CPU
		{D0A82FA1-6476-49B8-BF86-11931A7F1E0D}.Ad-Hoc|iPhone.Build.0 = Debug|Any CPU
		{D0A82FA1-6476-49B8-BF86-11931A7F1E0D}.Ad-Hoc|iPhoneSimulator.ActiveCfg = Debug|Any CPU
		{D0A82FA1-6476-49B8-BF86-11931A7F1E0D}.Ad-Hoc|iPhoneSimulator.Build.0 = Debug|Any CPU
		{D0A82FA1-6476-49B8-BF86-11931A7F1E0D}.AppStore|Any CPU.ActiveCfg = Debug|Any CPU
		{D0A82FA1-6476-49B8-BF86-11931A7F1E0D}.AppStore|Any CPU.Build.0 = Debug|Any CPU
		{D0A82FA1-6476-49B8-BF86-11931A7F1E0D}.AppStore|iPhone.ActiveCfg = Debug|Any CPU
		{D0A82FA1-6476-49B8-BF86-11931A7F1E0D}.AppStore|iPhone.Build.0 = Debug|Any CPU
		{D0A82FA1-6476-49B8-BF86-11931A7F1E0D}.AppStore|iPhoneSimulator.ActiveCfg = Debug|Any CPU
		{D0A82FA1-6476-49B8-BF86-11931A7F1E0D}.AppStore|iPhoneSimulator.Build.0 = Debug|Any CPU
		{D0A82FA1-6476-49B8-BF86-11931A7F1E0D}.Debug|Any CPU.ActiveCfg = Debug|Any CPU
		{D0A82FA1-6476-49B8-BF86-11931A7F1E0D}.Debug|Any CPU.Build.0 = Debug|Any CPU
		{D0A82FA1-6476-49B8-BF86-11931A7F1E0D}.Debug|iPhone.ActiveCfg = Debug|Any CPU
		{D0A82FA1-6476-49B8-BF86-11931A7F1E0D}.Debug|iPhone.Build.0 = Debug|Any CPU
		{D0A82FA1-6476-49B8-BF86-11931A7F1E0D}.Debug|iPhoneSimulator.ActiveCfg = Debug|Any CPU
		{D0A82FA1-6476-49B8-BF86-11931A7F1E0D}.Debug|iPhoneSimulator.Build.0 = Debug|Any CPU
		{D0A82FA1-6476-49B8-BF86-11931A7F1E0D}.Release|Any CPU.ActiveCfg = Release|Any CPU
		{D0A82FA1-6476-49B8-BF86-11931A7F1E0D}.Release|Any CPU.Build.0 = Release|Any CPU
		{D0A82FA1-6476-49B8-BF86-11931A7F1E0D}.Release|iPhone.ActiveCfg = Release|Any CPU
		{D0A82FA1-6476-49B8-BF86-11931A7F1E0D}.Release|iPhone.Build.0 = Release|Any CPU
		{D0A82FA1-6476-49B8-BF86-11931A7F1E0D}.Release|iPhoneSimulator.ActiveCfg = Release|Any CPU
		{D0A82FA1-6476-49B8-BF86-11931A7F1E0D}.Release|iPhoneSimulator.Build.0 = Release|Any CPU
		{F54E74B1-72E2-4626-8CFF-872CCEB0EF5D}.Ad-Hoc|Any CPU.ActiveCfg = Release|Any CPU
		{F54E74B1-72E2-4626-8CFF-872CCEB0EF5D}.Ad-Hoc|Any CPU.Build.0 = Release|Any CPU
		{F54E74B1-72E2-4626-8CFF-872CCEB0EF5D}.Ad-Hoc|iPhone.ActiveCfg = Release|Any CPU
		{F54E74B1-72E2-4626-8CFF-872CCEB0EF5D}.Ad-Hoc|iPhone.Build.0 = Release|Any CPU
		{F54E74B1-72E2-4626-8CFF-872CCEB0EF5D}.Ad-Hoc|iPhoneSimulator.ActiveCfg = Release|Any CPU
		{F54E74B1-72E2-4626-8CFF-872CCEB0EF5D}.Ad-Hoc|iPhoneSimulator.Build.0 = Release|Any CPU
		{F54E74B1-72E2-4626-8CFF-872CCEB0EF5D}.AppStore|Any CPU.ActiveCfg = Release|Any CPU
		{F54E74B1-72E2-4626-8CFF-872CCEB0EF5D}.AppStore|Any CPU.Build.0 = Release|Any CPU
		{F54E74B1-72E2-4626-8CFF-872CCEB0EF5D}.AppStore|iPhone.ActiveCfg = Release|Any CPU
		{F54E74B1-72E2-4626-8CFF-872CCEB0EF5D}.AppStore|iPhone.Build.0 = Release|Any CPU
		{F54E74B1-72E2-4626-8CFF-872CCEB0EF5D}.AppStore|iPhoneSimulator.ActiveCfg = Release|Any CPU
		{F54E74B1-72E2-4626-8CFF-872CCEB0EF5D}.AppStore|iPhoneSimulator.Build.0 = Release|Any CPU
		{F54E74B1-72E2-4626-8CFF-872CCEB0EF5D}.Debug|Any CPU.ActiveCfg = Debug|Any CPU
		{F54E74B1-72E2-4626-8CFF-872CCEB0EF5D}.Debug|Any CPU.Build.0 = Debug|Any CPU
		{F54E74B1-72E2-4626-8CFF-872CCEB0EF5D}.Debug|iPhone.ActiveCfg = Debug|Any CPU
		{F54E74B1-72E2-4626-8CFF-872CCEB0EF5D}.Debug|iPhone.Build.0 = Debug|Any CPU
		{F54E74B1-72E2-4626-8CFF-872CCEB0EF5D}.Debug|iPhoneSimulator.ActiveCfg = Debug|Any CPU
		{F54E74B1-72E2-4626-8CFF-872CCEB0EF5D}.Debug|iPhoneSimulator.Build.0 = Debug|Any CPU
		{F54E74B1-72E2-4626-8CFF-872CCEB0EF5D}.Release|Any CPU.ActiveCfg = Release|Any CPU
		{F54E74B1-72E2-4626-8CFF-872CCEB0EF5D}.Release|Any CPU.Build.0 = Release|Any CPU
		{F54E74B1-72E2-4626-8CFF-872CCEB0EF5D}.Release|iPhone.ActiveCfg = Release|Any CPU
		{F54E74B1-72E2-4626-8CFF-872CCEB0EF5D}.Release|iPhone.Build.0 = Release|Any CPU
		{F54E74B1-72E2-4626-8CFF-872CCEB0EF5D}.Release|iPhoneSimulator.ActiveCfg = Release|Any CPU
		{F54E74B1-72E2-4626-8CFF-872CCEB0EF5D}.Release|iPhoneSimulator.Build.0 = Release|Any CPU
		{2597D403-21C1-4EA2-B412-FA4F62C984EF}.Ad-Hoc|Any CPU.ActiveCfg = Release|Any CPU
		{2597D403-21C1-4EA2-B412-FA4F62C984EF}.Ad-Hoc|Any CPU.Build.0 = Release|Any CPU
		{2597D403-21C1-4EA2-B412-FA4F62C984EF}.Ad-Hoc|iPhone.ActiveCfg = Release|Any CPU
		{2597D403-21C1-4EA2-B412-FA4F62C984EF}.Ad-Hoc|iPhone.Build.0 = Release|Any CPU
		{2597D403-21C1-4EA2-B412-FA4F62C984EF}.Ad-Hoc|iPhoneSimulator.ActiveCfg = Release|Any CPU
		{2597D403-21C1-4EA2-B412-FA4F62C984EF}.Ad-Hoc|iPhoneSimulator.Build.0 = Release|Any CPU
		{2597D403-21C1-4EA2-B412-FA4F62C984EF}.AppStore|Any CPU.ActiveCfg = Release|Any CPU
		{2597D403-21C1-4EA2-B412-FA4F62C984EF}.AppStore|Any CPU.Build.0 = Release|Any CPU
		{2597D403-21C1-4EA2-B412-FA4F62C984EF}.AppStore|iPhone.ActiveCfg = Release|Any CPU
		{2597D403-21C1-4EA2-B412-FA4F62C984EF}.AppStore|iPhone.Build.0 = Release|Any CPU
		{2597D403-21C1-4EA2-B412-FA4F62C984EF}.AppStore|iPhoneSimulator.ActiveCfg = Release|Any CPU
		{2597D403-21C1-4EA2-B412-FA4F62C984EF}.AppStore|iPhoneSimulator.Build.0 = Release|Any CPU
		{2597D403-21C1-4EA2-B412-FA4F62C984EF}.Debug|Any CPU.ActiveCfg = Debug|Any CPU
		{2597D403-21C1-4EA2-B412-FA4F62C984EF}.Debug|Any CPU.Build.0 = Debug|Any CPU
		{2597D403-21C1-4EA2-B412-FA4F62C984EF}.Debug|iPhone.ActiveCfg = Debug|Any CPU
		{2597D403-21C1-4EA2-B412-FA4F62C984EF}.Debug|iPhone.Build.0 = Debug|Any CPU
		{2597D403-21C1-4EA2-B412-FA4F62C984EF}.Debug|iPhoneSimulator.ActiveCfg = Debug|Any CPU
		{2597D403-21C1-4EA2-B412-FA4F62C984EF}.Debug|iPhoneSimulator.Build.0 = Debug|Any CPU
		{2597D403-21C1-4EA2-B412-FA4F62C984EF}.Release|Any CPU.ActiveCfg = Release|Any CPU
		{2597D403-21C1-4EA2-B412-FA4F62C984EF}.Release|Any CPU.Build.0 = Release|Any CPU
		{2597D403-21C1-4EA2-B412-FA4F62C984EF}.Release|iPhone.ActiveCfg = Release|Any CPU
		{2597D403-21C1-4EA2-B412-FA4F62C984EF}.Release|iPhone.Build.0 = Release|Any CPU
		{2597D403-21C1-4EA2-B412-FA4F62C984EF}.Release|iPhoneSimulator.ActiveCfg = Release|Any CPU
		{2597D403-21C1-4EA2-B412-FA4F62C984EF}.Release|iPhoneSimulator.Build.0 = Release|Any CPU
		{8BAA547A-59D0-4D4E-90FF-ADE8DEAFDF1D}.Ad-Hoc|Any CPU.ActiveCfg = Release|Any CPU
		{8BAA547A-59D0-4D4E-90FF-ADE8DEAFDF1D}.Ad-Hoc|Any CPU.Build.0 = Release|Any CPU
		{8BAA547A-59D0-4D4E-90FF-ADE8DEAFDF1D}.Ad-Hoc|iPhone.ActiveCfg = Release|Any CPU
		{8BAA547A-59D0-4D4E-90FF-ADE8DEAFDF1D}.Ad-Hoc|iPhone.Build.0 = Release|Any CPU
		{8BAA547A-59D0-4D4E-90FF-ADE8DEAFDF1D}.Ad-Hoc|iPhoneSimulator.ActiveCfg = Release|Any CPU
		{8BAA547A-59D0-4D4E-90FF-ADE8DEAFDF1D}.Ad-Hoc|iPhoneSimulator.Build.0 = Release|Any CPU
		{8BAA547A-59D0-4D4E-90FF-ADE8DEAFDF1D}.AppStore|Any CPU.ActiveCfg = Release|Any CPU
		{8BAA547A-59D0-4D4E-90FF-ADE8DEAFDF1D}.AppStore|Any CPU.Build.0 = Release|Any CPU
		{8BAA547A-59D0-4D4E-90FF-ADE8DEAFDF1D}.AppStore|iPhone.ActiveCfg = Release|Any CPU
		{8BAA547A-59D0-4D4E-90FF-ADE8DEAFDF1D}.AppStore|iPhone.Build.0 = Release|Any CPU
		{8BAA547A-59D0-4D4E-90FF-ADE8DEAFDF1D}.AppStore|iPhoneSimulator.ActiveCfg = Release|Any CPU
		{8BAA547A-59D0-4D4E-90FF-ADE8DEAFDF1D}.AppStore|iPhoneSimulator.Build.0 = Release|Any CPU
		{8BAA547A-59D0-4D4E-90FF-ADE8DEAFDF1D}.Debug|Any CPU.ActiveCfg = Debug|Any CPU
		{8BAA547A-59D0-4D4E-90FF-ADE8DEAFDF1D}.Debug|Any CPU.Build.0 = Debug|Any CPU
		{8BAA547A-59D0-4D4E-90FF-ADE8DEAFDF1D}.Debug|iPhone.ActiveCfg = Debug|Any CPU
		{8BAA547A-59D0-4D4E-90FF-ADE8DEAFDF1D}.Debug|iPhone.Build.0 = Debug|Any CPU
		{8BAA547A-59D0-4D4E-90FF-ADE8DEAFDF1D}.Debug|iPhoneSimulator.ActiveCfg = Debug|Any CPU
		{8BAA547A-59D0-4D4E-90FF-ADE8DEAFDF1D}.Debug|iPhoneSimulator.Build.0 = Debug|Any CPU
		{8BAA547A-59D0-4D4E-90FF-ADE8DEAFDF1D}.Release|Any CPU.ActiveCfg = Release|Any CPU
		{8BAA547A-59D0-4D4E-90FF-ADE8DEAFDF1D}.Release|Any CPU.Build.0 = Release|Any CPU
		{8BAA547A-59D0-4D4E-90FF-ADE8DEAFDF1D}.Release|iPhone.ActiveCfg = Release|Any CPU
		{8BAA547A-59D0-4D4E-90FF-ADE8DEAFDF1D}.Release|iPhone.Build.0 = Release|Any CPU
		{8BAA547A-59D0-4D4E-90FF-ADE8DEAFDF1D}.Release|iPhoneSimulator.ActiveCfg = Release|Any CPU
		{8BAA547A-59D0-4D4E-90FF-ADE8DEAFDF1D}.Release|iPhoneSimulator.Build.0 = Release|Any CPU
		{19BA38FA-F86A-4F45-B1C1-BF5C040ED242}.Ad-Hoc|Any CPU.ActiveCfg = Release|Any CPU
		{19BA38FA-F86A-4F45-B1C1-BF5C040ED242}.Ad-Hoc|Any CPU.Build.0 = Release|Any CPU
		{19BA38FA-F86A-4F45-B1C1-BF5C040ED242}.Ad-Hoc|iPhone.ActiveCfg = Release|Any CPU
		{19BA38FA-F86A-4F45-B1C1-BF5C040ED242}.Ad-Hoc|iPhone.Build.0 = Release|Any CPU
		{19BA38FA-F86A-4F45-B1C1-BF5C040ED242}.Ad-Hoc|iPhoneSimulator.ActiveCfg = Release|Any CPU
		{19BA38FA-F86A-4F45-B1C1-BF5C040ED242}.Ad-Hoc|iPhoneSimulator.Build.0 = Release|Any CPU
		{19BA38FA-F86A-4F45-B1C1-BF5C040ED242}.AppStore|Any CPU.ActiveCfg = Release|Any CPU
		{19BA38FA-F86A-4F45-B1C1-BF5C040ED242}.AppStore|Any CPU.Build.0 = Release|Any CPU
		{19BA38FA-F86A-4F45-B1C1-BF5C040ED242}.AppStore|iPhone.ActiveCfg = Release|Any CPU
		{19BA38FA-F86A-4F45-B1C1-BF5C040ED242}.AppStore|iPhone.Build.0 = Release|Any CPU
		{19BA38FA-F86A-4F45-B1C1-BF5C040ED242}.AppStore|iPhoneSimulator.ActiveCfg = Release|Any CPU
		{19BA38FA-F86A-4F45-B1C1-BF5C040ED242}.AppStore|iPhoneSimulator.Build.0 = Release|Any CPU
		{19BA38FA-F86A-4F45-B1C1-BF5C040ED242}.Debug|Any CPU.ActiveCfg = Debug|Any CPU
		{19BA38FA-F86A-4F45-B1C1-BF5C040ED242}.Debug|Any CPU.Build.0 = Debug|Any CPU
		{19BA38FA-F86A-4F45-B1C1-BF5C040ED242}.Debug|iPhone.ActiveCfg = Debug|Any CPU
		{19BA38FA-F86A-4F45-B1C1-BF5C040ED242}.Debug|iPhone.Build.0 = Debug|Any CPU
		{19BA38FA-F86A-4F45-B1C1-BF5C040ED242}.Debug|iPhoneSimulator.ActiveCfg = Debug|Any CPU
		{19BA38FA-F86A-4F45-B1C1-BF5C040ED242}.Debug|iPhoneSimulator.Build.0 = Debug|Any CPU
		{19BA38FA-F86A-4F45-B1C1-BF5C040ED242}.Release|Any CPU.ActiveCfg = Release|Any CPU
		{19BA38FA-F86A-4F45-B1C1-BF5C040ED242}.Release|Any CPU.Build.0 = Release|Any CPU
		{19BA38FA-F86A-4F45-B1C1-BF5C040ED242}.Release|iPhone.ActiveCfg = Release|Any CPU
		{19BA38FA-F86A-4F45-B1C1-BF5C040ED242}.Release|iPhone.Build.0 = Release|Any CPU
		{19BA38FA-F86A-4F45-B1C1-BF5C040ED242}.Release|iPhoneSimulator.ActiveCfg = Release|Any CPU
		{19BA38FA-F86A-4F45-B1C1-BF5C040ED242}.Release|iPhoneSimulator.Build.0 = Release|Any CPU
		{3065AF55-A2F4-4756-B743-F9CF2AF2EC21}.Ad-Hoc|Any CPU.ActiveCfg = Release|Any CPU
		{3065AF55-A2F4-4756-B743-F9CF2AF2EC21}.Ad-Hoc|Any CPU.Build.0 = Release|Any CPU
		{3065AF55-A2F4-4756-B743-F9CF2AF2EC21}.Ad-Hoc|iPhone.ActiveCfg = Release|Any CPU
		{3065AF55-A2F4-4756-B743-F9CF2AF2EC21}.Ad-Hoc|iPhone.Build.0 = Release|Any CPU
		{3065AF55-A2F4-4756-B743-F9CF2AF2EC21}.Ad-Hoc|iPhoneSimulator.ActiveCfg = Release|Any CPU
		{3065AF55-A2F4-4756-B743-F9CF2AF2EC21}.Ad-Hoc|iPhoneSimulator.Build.0 = Release|Any CPU
		{3065AF55-A2F4-4756-B743-F9CF2AF2EC21}.AppStore|Any CPU.ActiveCfg = Release|Any CPU
		{3065AF55-A2F4-4756-B743-F9CF2AF2EC21}.AppStore|Any CPU.Build.0 = Release|Any CPU
		{3065AF55-A2F4-4756-B743-F9CF2AF2EC21}.AppStore|iPhone.ActiveCfg = Release|Any CPU
		{3065AF55-A2F4-4756-B743-F9CF2AF2EC21}.AppStore|iPhone.Build.0 = Release|Any CPU
		{3065AF55-A2F4-4756-B743-F9CF2AF2EC21}.AppStore|iPhoneSimulator.ActiveCfg = Release|Any CPU
		{3065AF55-A2F4-4756-B743-F9CF2AF2EC21}.AppStore|iPhoneSimulator.Build.0 = Release|Any CPU
		{3065AF55-A2F4-4756-B743-F9CF2AF2EC21}.Debug|Any CPU.ActiveCfg = Debug|Any CPU
		{3065AF55-A2F4-4756-B743-F9CF2AF2EC21}.Debug|Any CPU.Build.0 = Debug|Any CPU
		{3065AF55-A2F4-4756-B743-F9CF2AF2EC21}.Debug|iPhone.ActiveCfg = Debug|Any CPU
		{3065AF55-A2F4-4756-B743-F9CF2AF2EC21}.Debug|iPhone.Build.0 = Debug|Any CPU
		{3065AF55-A2F4-4756-B743-F9CF2AF2EC21}.Debug|iPhoneSimulator.ActiveCfg = Debug|Any CPU
		{3065AF55-A2F4-4756-B743-F9CF2AF2EC21}.Debug|iPhoneSimulator.Build.0 = Debug|Any CPU
		{3065AF55-A2F4-4756-B743-F9CF2AF2EC21}.Release|Any CPU.ActiveCfg = Release|Any CPU
		{3065AF55-A2F4-4756-B743-F9CF2AF2EC21}.Release|Any CPU.Build.0 = Release|Any CPU
		{3065AF55-A2F4-4756-B743-F9CF2AF2EC21}.Release|iPhone.ActiveCfg = Release|Any CPU
		{3065AF55-A2F4-4756-B743-F9CF2AF2EC21}.Release|iPhone.Build.0 = Release|Any CPU
		{3065AF55-A2F4-4756-B743-F9CF2AF2EC21}.Release|iPhoneSimulator.ActiveCfg = Release|Any CPU
		{3065AF55-A2F4-4756-B743-F9CF2AF2EC21}.Release|iPhoneSimulator.Build.0 = Release|Any CPU
	EndGlobalSection
	GlobalSection(SolutionProperties) = preSolution
		HideSolutionNode = FALSE
	EndGlobalSection
	GlobalSection(NestedProjects) = preSolution
		{6C575EB8-976B-47B1-8C2C-BD1C2675EF6E} = {6119E95E-D28B-46C3-8EE2-B6B0B115EA35}
		{2759AF24-6234-41A4-8112-4A061BDC7E86} = {6119E95E-D28B-46C3-8EE2-B6B0B115EA35}
		{D0A82FA1-6476-49B8-BF86-11931A7F1E0D} = {6119E95E-D28B-46C3-8EE2-B6B0B115EA35}
		{F54E74B1-72E2-4626-8CFF-872CCEB0EF5D} = {6119E95E-D28B-46C3-8EE2-B6B0B115EA35}
		{AA71C3B0-544F-47B5-BAA7-4C103A684E73} = {F7613332-6247-4479-B2FF-FC4F95CF319A}
		{AB7FDA1D-91D8-45D8-94CA-18688CB15FA2} = {F7613332-6247-4479-B2FF-FC4F95CF319A}
		{2818A954-2ADA-47CC-A1AC-633E688D28D6} = {F7613332-6247-4479-B2FF-FC4F95CF319A}
		{E80EF32B-9F12-4543-9FE8-B53730266E18} = {AA71C3B0-544F-47B5-BAA7-4C103A684E73}
		{2597D403-21C1-4EA2-B412-FA4F62C984EF} = {E80EF32B-9F12-4543-9FE8-B53730266E18}
		{8BAA547A-59D0-4D4E-90FF-ADE8DEAFDF1D} = {E80EF32B-9F12-4543-9FE8-B53730266E18}
		{19BA38FA-F86A-4F45-B1C1-BF5C040ED242} = {545C210A-5E49-411B-AF63-1E4481D5AA0A}
		{545C210A-5E49-411B-AF63-1E4481D5AA0A} = {AA71C3B0-544F-47B5-BAA7-4C103A684E73}
		{3065AF55-A2F4-4756-B743-F9CF2AF2EC21} = {10AF2FEE-60CC-4653-9252-9BC086FCC91E}
	EndGlobalSection
EndGlobal
